
Microsoft Visual Studio Solution File, Format Version 12.00
# Visual Studio Version 16
VisualStudioVersion = 16.0.29905.134
MinimumVisualStudioVersion = 10.0.40219.1
Project("{9A19103F-16F7-4668-BE54-9A1E7A4F7556}") = "DataStructures", "DataStructures\DataStructures.csproj", "{BA185C30-AC31-491D-A16D-23D33F656A7C}"
EndProject
Project("{9A19103F-16F7-4668-BE54-9A1E7A4F7556}") = "ArrayListTests", "ArrayListTests\ArrayListTests.csproj", "{1B043C6B-7891-47AF-8957-06513223D7C6}"
EndProject
Global
	GlobalSection(SolutionConfigurationPlatforms) = preSolution
		Debug|Any CPU = Debug|Any CPU
		Release|Any CPU = Release|Any CPU
	EndGlobalSection
	GlobalSection(ProjectConfigurationPlatforms) = postSolution
		{BA185C30-AC31-491D-A16D-23D33F656A7C}.Debug|Any CPU.ActiveCfg = Debug|Any CPU
		{BA185C30-AC31-491D-A16D-23D33F656A7C}.Debug|Any CPU.Build.0 = Debug|Any CPU
		{BA185C30-AC31-491D-A16D-23D33F656A7C}.Release|Any CPU.ActiveCfg = Release|Any CPU
		{BA185C30-AC31-491D-A16D-23D33F656A7C}.Release|Any CPU.Build.0 = Release|Any CPU
		{1B043C6B-7891-47AF-8957-06513223D7C6}.Debug|Any CPU.ActiveCfg = Debug|Any CPU
		{1B043C6B-7891-47AF-8957-06513223D7C6}.Debug|Any CPU.Build.0 = Debug|Any CPU
		{1B043C6B-7891-47AF-8957-06513223D7C6}.Release|Any CPU.ActiveCfg = Release|Any CPU
		{1B043C6B-7891-47AF-8957-06513223D7C6}.Release|Any CPU.Build.0 = Release|Any CPU
	EndGlobalSection
	GlobalSection(SolutionProperties) = preSolution
		HideSolutionNode = FALSE
	EndGlobalSection
	GlobalSection(ExtensibilityGlobals) = postSolution
		SolutionGuid = {07A0CEA1-14AE-4F0E-8299-01CD3F65B4AF}
	EndGlobalSection
EndGlobal
